{
  "lockfile_version": "1",
  "packages": {
    "ansible": {
      "resolved": "github:NixOS/nixpkgs/75a52265bda7fd25e06e3a67dee3f0354e73243c#ansible",
      "source": "nixpkg"
    },
    "glibcLocales@latest": {
      "last_modified": "2024-01-14T03:55:27Z",
      "resolved": "github:NixOS/nixpkgs/dd5621df6dcb90122b50da5ec31c411a0de3e538#glibcLocales",
      "source": "devbox-search",
      "version": "2.38-27",
      "systems": {
        "aarch64-linux": {
          "store_path": "/nix/store/i0aff1lm1js9j9ggw7js7n5869bfxm6z-glibc-locales-2.38-27"
        },
        "x86_64-linux": {
          "store_path": "/nix/store/wyl74hap7bh513hp3rz1j608gs7267af-glibc-locales-2.38-27"
        }
      }
    },
    "incus@latest": {
      "last_modified": "2024-01-31T06:48:05Z",
      "resolved": "github:NixOS/nixpkgs/5ad9903c16126a7d949101687af0aa589b1d7d3d#incus",
      "source": "devbox-search",
      "version": "0.4.0",
      "systems": {
        "x86_64-linux": {
          "store_path": "/nix/store/z3clgk3xf2iq86ncf0wzmaxmk4d8l3zn-incus-0.4.0"
        }
      }
    }
  }
}
